
Microsoft Visual Studio Solution File, Format Version 12.00
# Visual Studio 14
VisualStudioVersion = 14.0.23107.0
MinimumVisualStudioVersion = 10.0.40219.1
Project("{FAE04EC0-301F-11D3-BF4B-00C04F79EFBC}") = "CalcService", "CalcServices\CalcService.csproj", "{438BECA5-2E24-435F-B663-315BE23D6F2E}"
EndProject
Project("{FAE04EC0-301F-11D3-BF4B-00C04F79EFBC}") = "CalcClient", "CalcClient\CalcClient.csproj", "{E9815367-D01C-4966-98BC-67DA194A92B9}"
EndProject
Global
	GlobalSection(SolutionConfigurationPlatforms) = preSolution
		Debug|Any CPU = Debug|Any CPU
		Release|Any CPU = Release|Any CPU
	EndGlobalSection
	GlobalSection(ProjectConfigurationPlatforms) = postSolution
		{438BECA5-2E24-435F-B663-315BE23D6F2E}.Debug|Any CPU.ActiveCfg = Debug|Any CPU
		{438BECA5-2E24-435F-B663-315BE23D6F2E}.Debug|Any CPU.Build.0 = Debug|Any CPU
		{438BECA5-2E24-435F-B663-315BE23D6F2E}.Release|Any CPU.ActiveCfg = Release|Any CPU
		{438BECA5-2E24-435F-B663-315BE23D6F2E}.Release|Any CPU.Build.0 = Release|Any CPU
		{E9815367-D01C-4966-98BC-67DA194A92B9}.Debug|Any CPU.ActiveCfg = Debug|Any CPU
		{E9815367-D01C-4966-98BC-67DA194A92B9}.Debug|Any CPU.Build.0 = Debug|Any CPU
		{E9815367-D01C-4966-98BC-67DA194A92B9}.Release|Any CPU.ActiveCfg = Release|Any CPU
		{E9815367-D01C-4966-98BC-67DA194A92B9}.Release|Any CPU.Build.0 = Release|Any CPU
	EndGlobalSection
	GlobalSection(SolutionProperties) = preSolution
		HideSolutionNode = FALSE
	EndGlobalSection
EndGlobal
